
Microsoft Visual Studio Solution File, Format Version 12.00
# Visual Studio Version 16
VisualStudioVersion = 16.0.29403.142
MinimumVisualStudioVersion = 10.0.40219.1
Project("{FAE04EC0-301F-11D3-BF4B-00C04F79EFBC}") = "LAB02UnitTests", "LAB02UnitTests\LAB02UnitTests.csproj", "{97E2848F-F4D7-4549-A14B-37C11C53D6B1}"
EndProject
Global
	GlobalSection(SolutionConfigurationPlatforms) = preSolution
		Debug|Any CPU = Debug|Any CPU
		Release|Any CPU = Release|Any CPU
	EndGlobalSection
	GlobalSection(ProjectConfigurationPlatforms) = postSolution
		{97E2848F-F4D7-4549-A14B-37C11C53D6B1}.Debug|Any CPU.ActiveCfg = Debug|Any CPU
		{97E2848F-F4D7-4549-A14B-37C11C53D6B1}.Debug|Any CPU.Build.0 = Debug|Any CPU
		{97E2848F-F4D7-4549-A14B-37C11C53D6B1}.Release|Any CPU.ActiveCfg = Release|Any CPU
		{97E2848F-F4D7-4549-A14B-37C11C53D6B1}.Release|Any CPU.Build.0 = Release|Any CPU
	EndGlobalSection
	GlobalSection(SolutionProperties) = preSolution
		HideSolutionNode = FALSE
	EndGlobalSection
	GlobalSection(ExtensibilityGlobals) = postSolution
		SolutionGuid = {8D19F953-89AB-4F00-9821-0E4FDBEA533E}
	EndGlobalSection
EndGlobal
